
Microsoft Visual Studio Solution File, Format Version 12.00
# Visual Studio Version 17
VisualStudioVersion = 17.10.35027.167
MinimumVisualStudioVersion = 10.0.40219.1
Project("{FAE04EC0-301F-11D3-BF4B-00C04F79EFBC}") = "Api", "Api\Api.csproj", "{A39E8D90-BF48-4EBF-A812-F7A089501400}"
EndProject
Global
	GlobalSection(SolutionConfigurationPlatforms) = preSolution
		Debug|Any CPU = Debug|Any CPU
		Release|Any CPU = Release|Any CPU
	EndGlobalSection
	GlobalSection(ProjectConfigurationPlatforms) = postSolution
		{A39E8D90-BF48-4EBF-A812-F7A089501400}.Debug|Any CPU.ActiveCfg = Debug|Any CPU
		{A39E8D90-BF48-4EBF-A812-F7A089501400}.Debug|Any CPU.Build.0 = Debug|Any CPU
		{A39E8D90-BF48-4EBF-A812-F7A089501400}.Release|Any CPU.ActiveCfg = Release|Any CPU
		{A39E8D90-BF48-4EBF-A812-F7A089501400}.Release|Any CPU.Build.0 = Release|Any CPU
	EndGlobalSection
	GlobalSection(SolutionProperties) = preSolution
		HideSolutionNode = FALSE
	EndGlobalSection
	GlobalSection(ExtensibilityGlobals) = postSolution
		SolutionGuid = {7D1744A5-6F58-4540-B991-7AE47B63F698}
	EndGlobalSection
EndGlobal
